
Microsoft Visual Studio Solution File, Format Version 12.00
# Visual Studio Version 17
VisualStudioVersion = 17.6.33815.320
MinimumVisualStudioVersion = 10.0.40219.1
Project("{9A19103F-16F7-4668-BE54-9A1E7A4F7556}") = "TCG", "TCG.csproj", "{3D8F0343-848E-46D3-86CF-C151A5A11A61}"
EndProject
Project("{FAE04EC0-301F-11D3-BF4B-00C04F79EFBC}") = "TCGTest", "..\TCGTest\TCGTest.csproj", "{51D78178-4936-4BDD-8D8E-49CF9D36B92B}"
EndProject
Global
	GlobalSection(SolutionConfigurationPlatforms) = preSolution
		Debug|Any CPU = Debug|Any CPU
		Release|Any CPU = Release|Any CPU
	EndGlobalSection
	GlobalSection(ProjectConfigurationPlatforms) = postSolution
		{3D8F0343-848E-46D3-86CF-C151A5A11A61}.Debug|Any CPU.ActiveCfg = Debug|Any CPU
		{3D8F0343-848E-46D3-86CF-C151A5A11A61}.Debug|Any CPU.Build.0 = Debug|Any CPU
		{3D8F0343-848E-46D3-86CF-C151A5A11A61}.Release|Any CPU.ActiveCfg = Release|Any CPU
		{3D8F0343-848E-46D3-86CF-C151A5A11A61}.Release|Any CPU.Build.0 = Release|Any CPU
		{51D78178-4936-4BDD-8D8E-49CF9D36B92B}.Debug|Any CPU.ActiveCfg = Debug|Any CPU
		{51D78178-4936-4BDD-8D8E-49CF9D36B92B}.Debug|Any CPU.Build.0 = Debug|Any CPU
		{51D78178-4936-4BDD-8D8E-49CF9D36B92B}.Release|Any CPU.ActiveCfg = Release|Any CPU
		{51D78178-4936-4BDD-8D8E-49CF9D36B92B}.Release|Any CPU.Build.0 = Release|Any CPU
	EndGlobalSection
	GlobalSection(SolutionProperties) = preSolution
		HideSolutionNode = FALSE
	EndGlobalSection
	GlobalSection(ExtensibilityGlobals) = postSolution
		SolutionGuid = {DC7B330E-31E8-466F-BA54-BD7A2159EB86}
	EndGlobalSection
EndGlobal
